{
  "name": "nodewebapp",
  "version": "1.0.0",
  "lockfileVersion": 3,
  "requires": true,
  "packages": {
    "": {
      "name": "nodewebapp",
      "version": "1.0.0",
      "license": "ISC",
      "dependencies": {
        "vwo-fme-node-sdk": "^1.31.0"
      }
    },
    "node_modules/murmurhash": {
      "version": "2.0.1",
      "resolved": "https://registry.npmjs.org/murmurhash/-/murmurhash-2.0.1.tgz",
      "integrity": "sha512-5vQEh3y+DG/lMPM0mCGPDnyV8chYg/g7rl6v3Gd8WMF9S429ox3Xk8qrk174kWhG767KQMqqxLD1WnGd77hiew==",
      "license": "MIT"
    },
    "node_modules/superstruct": {
      "version": "0.14.2",
      "resolved": "https://registry.npmjs.org/superstruct/-/superstruct-0.14.2.tgz",
      "integrity": "sha512-nPewA6m9mR3d6k7WkZ8N8zpTWfenFH3q9pA2PkuiZxINr9DKB2+40wEQf0ixn8VaGuJ78AB6iWOtStI+/4FKZQ==",
      "license": "MIT"
    },
    "node_modules/uuid": {
      "version": "9.0.1",
      "resolved": "https://registry.npmjs.org/uuid/-/uuid-9.0.1.tgz",
      "integrity": "sha512-b+1eJOlsR9K8HJpow9Ok3fiWOWSIcIzXodvv0rQjVoOVNpWMpxf1wZNpt4y9h10odCNrqnYp1OBzRktckBe3sA==",
      "funding": [
        "https://github.com/sponsors/broofa",
        "https://github.com/sponsors/ctavan"
      ],
      "license": "MIT",
      "bin": {
        "uuid": "dist/bin/uuid"
      }
    },
    "node_modules/vwo-fme-node-sdk": {
      "version": "1.31.0",
      "resolved": "https://registry.npmjs.org/vwo-fme-node-sdk/-/vwo-fme-node-sdk-1.31.0.tgz",
      "integrity": "sha512-/MCwFEqM9QroW46CcYGuLReK17G+1rGn8T+9IC++fr0NI4ZjoIBRwnEyy9C6/agBATAvE5oIcbyK0T6S7/aVCg==",
      "license": "Apache-2.0",
      "dependencies": {
        "murmurhash": "^2.0.1",
        "superstruct": "^0.14.x",
        "uuid": "^9.0.1",
        "vwo-fme-sdk-log-messages": "^1.2.7"
      },
      "engines": {
        "node": ">= 8.9.0",
        "yarn": ">= 1.22.17"
      }
    },
    "node_modules/vwo-fme-sdk-log-messages": {
      "version": "1.2.7",
      "resolved": "https://registry.npmjs.org/vwo-fme-sdk-log-messages/-/vwo-fme-sdk-log-messages-1.2.7.tgz",
      "integrity": "sha512-fyhXpELOWoODZE5T9zZK9UsI4hh6K1Vxle90hO526FOY116rGqyShA+idBDbsPv2hiyCRmPH+KmvVq339Y3nAg==",
      "license": "Apache-2.0"
    }
  }
}
